
Microsoft Visual Studio Solution File, Format Version 12.00
# Visual Studio Version 17
VisualStudioVersion = 17.7.34018.315
MinimumVisualStudioVersion = 10.0.40219.1
Project("{FAE04EC0-301F-11D3-BF4B-00C04F79EFBC}") = "Client", "Client\Client.csproj", "{F5E4A44D-6225-4C31-85BF-49E9FD375CE3}"
EndProject
Project("{FAE04EC0-301F-11D3-BF4B-00C04F79EFBC}") = "Simulator", "Simulator\Simulator.csproj", "{A49FDA4F-12EB-4BD3-8E6A-C7430A934CE2}"
EndProject
Project("{FAE04EC0-301F-11D3-BF4B-00C04F79EFBC}") = "Server", "Server\Server.csproj", "{79B4DEC1-AB9E-4B6E-AB16-95AD76351FB8}"
EndProject
Global
	GlobalSection(SolutionConfigurationPlatforms) = preSolution
		Debug|Any CPU = Debug|Any CPU
		Release|Any CPU = Release|Any CPU
	EndGlobalSection
	GlobalSection(ProjectConfigurationPlatforms) = postSolution
		{F5E4A44D-6225-4C31-85BF-49E9FD375CE3}.Debug|Any CPU.ActiveCfg = Debug|Any CPU
		{F5E4A44D-6225-4C31-85BF-49E9FD375CE3}.Debug|Any CPU.Build.0 = Debug|Any CPU
		{F5E4A44D-6225-4C31-85BF-49E9FD375CE3}.Release|Any CPU.ActiveCfg = Release|Any CPU
		{F5E4A44D-6225-4C31-85BF-49E9FD375CE3}.Release|Any CPU.Build.0 = Release|Any CPU
		{A49FDA4F-12EB-4BD3-8E6A-C7430A934CE2}.Debug|Any CPU.ActiveCfg = Debug|Any CPU
		{A49FDA4F-12EB-4BD3-8E6A-C7430A934CE2}.Debug|Any CPU.Build.0 = Debug|Any CPU
		{A49FDA4F-12EB-4BD3-8E6A-C7430A934CE2}.Release|Any CPU.ActiveCfg = Release|Any CPU
		{A49FDA4F-12EB-4BD3-8E6A-C7430A934CE2}.Release|Any CPU.Build.0 = Release|Any CPU
		{79B4DEC1-AB9E-4B6E-AB16-95AD76351FB8}.Debug|Any CPU.ActiveCfg = Debug|Any CPU
		{79B4DEC1-AB9E-4B6E-AB16-95AD76351FB8}.Debug|Any CPU.Build.0 = Debug|Any CPU
		{79B4DEC1-AB9E-4B6E-AB16-95AD76351FB8}.Release|Any CPU.ActiveCfg = Release|Any CPU
		{79B4DEC1-AB9E-4B6E-AB16-95AD76351FB8}.Release|Any CPU.Build.0 = Release|Any CPU
	EndGlobalSection
	GlobalSection(SolutionProperties) = preSolution
		HideSolutionNode = FALSE
	EndGlobalSection
	GlobalSection(ExtensibilityGlobals) = postSolution
		SolutionGuid = {C970540E-ED1E-4C01-8878-491D0771D271}
	EndGlobalSection
EndGlobal
